
Microsoft Visual Studio Solution File, Format Version 12.00
# Visual Studio Version 17
VisualStudioVersion = 17.0.31903.59
MinimumVisualStudioVersion = 10.0.40219.1
Project("{2150E333-8FDC-42A3-9474-1A3956D46DE8}") = "src", "src", "{5EDF9DAE-DD62-485F-A117-F3E84D23E9AF}"
EndProject
Project("{FAE04EC0-301F-11D3-BF4B-00C04F79EFBC}") = "Common", "src\Common\Common.csproj", "{E9540E5F-103F-4323-88B3-A73A6145EC46}"
EndProject
Project("{2150E333-8FDC-42A3-9474-1A3956D46DE8}") = "Cat.Serialization", "Cat.Serialization", "{0F605808-5F4E-4D9F-B094-41CCA910E751}"
EndProject
Project("{FAE04EC0-301F-11D3-BF4B-00C04F79EFBC}") = "Serialization.Bench", "src\Serialization.Bench\Serialization.Bench.csproj", "{E8C81693-AE14-46D5-A98A-62DA2C7A09D4}"
EndProject
Project("{FAE04EC0-301F-11D3-BF4B-00C04F79EFBC}") = "UnitTests", "tests\UnitTests\UnitTests.csproj", "{AA3AE801-7519-4D33-A42A-8A88B983EEBC}"
EndProject
Global
	GlobalSection(SolutionConfigurationPlatforms) = preSolution
		Debug|Any CPU = Debug|Any CPU
		Release|Any CPU = Release|Any CPU
	EndGlobalSection
	GlobalSection(SolutionProperties) = preSolution
		HideSolutionNode = FALSE
	EndGlobalSection
	GlobalSection(ProjectConfigurationPlatforms) = postSolution
		{E9540E5F-103F-4323-88B3-A73A6145EC46}.Debug|Any CPU.ActiveCfg = Debug|Any CPU
		{E9540E5F-103F-4323-88B3-A73A6145EC46}.Debug|Any CPU.Build.0 = Debug|Any CPU
		{E9540E5F-103F-4323-88B3-A73A6145EC46}.Release|Any CPU.ActiveCfg = Release|Any CPU
		{E9540E5F-103F-4323-88B3-A73A6145EC46}.Release|Any CPU.Build.0 = Release|Any CPU
		{E8C81693-AE14-46D5-A98A-62DA2C7A09D4}.Debug|Any CPU.ActiveCfg = Debug|Any CPU
		{E8C81693-AE14-46D5-A98A-62DA2C7A09D4}.Debug|Any CPU.Build.0 = Debug|Any CPU
		{E8C81693-AE14-46D5-A98A-62DA2C7A09D4}.Release|Any CPU.ActiveCfg = Release|Any CPU
		{E8C81693-AE14-46D5-A98A-62DA2C7A09D4}.Release|Any CPU.Build.0 = Release|Any CPU
		{AA3AE801-7519-4D33-A42A-8A88B983EEBC}.Debug|Any CPU.ActiveCfg = Debug|Any CPU
		{AA3AE801-7519-4D33-A42A-8A88B983EEBC}.Debug|Any CPU.Build.0 = Debug|Any CPU
		{AA3AE801-7519-4D33-A42A-8A88B983EEBC}.Release|Any CPU.ActiveCfg = Release|Any CPU
		{AA3AE801-7519-4D33-A42A-8A88B983EEBC}.Release|Any CPU.Build.0 = Release|Any CPU
	EndGlobalSection
	GlobalSection(NestedProjects) = preSolution
		{E9540E5F-103F-4323-88B3-A73A6145EC46} = {5EDF9DAE-DD62-485F-A117-F3E84D23E9AF}
		{0F605808-5F4E-4D9F-B094-41CCA910E751} = {5EDF9DAE-DD62-485F-A117-F3E84D23E9AF}
		{E8C81693-AE14-46D5-A98A-62DA2C7A09D4} = {0F605808-5F4E-4D9F-B094-41CCA910E751}
	EndGlobalSection
EndGlobal
